
Microsoft Visual Studio Solution File, Format Version 12.00
# Visual Studio 15
VisualStudioVersion = 15.0.27428.2037
MinimumVisualStudioVersion = 10.0.40219.1
Project("{FAE04EC0-301F-11D3-BF4B-00C04F79EFBC}") = "abyNa3.Data", "abyNa3.Data\abyNa3.Data.csproj", "{55164C9B-EA19-4EFB-9623-AF0BF4E1A66C}"
EndProject
Project("{FAE04EC0-301F-11D3-BF4B-00C04F79EFBC}") = "abyNa3.Repo", "abyNa3.Repo\abyNa3.Repo.csproj", "{70D67AD5-8790-4E17-85E8-7C0F757D8B95}"
EndProject
Project("{FAE04EC0-301F-11D3-BF4B-00C04F79EFBC}") = "abyNa3.Service", "abyNa3.Service\abyNa3.Service.csproj", "{2A423332-0A72-4217-B051-15E5B306A73B}"
EndProject
Project("{FAE04EC0-301F-11D3-BF4B-00C04F79EFBC}") = "abyNa3.Web", "WebApplication1\abyNa3.Web.csproj", "{BA294901-F266-41F6-855A-D1F1A90D2BA1}"
EndProject
Project("{FAE04EC0-301F-11D3-BF4B-00C04F79EFBC}") = "abyNa3.UnitTests", "abyNa3.UnitTests\abyNa3.UnitTests.csproj", "{8FB16650-4492-4974-8514-6DE6AED8B517}"
EndProject
Global
	GlobalSection(SolutionConfigurationPlatforms) = preSolution
		Debug|Any CPU = Debug|Any CPU
		Release|Any CPU = Release|Any CPU
	EndGlobalSection
	GlobalSection(ProjectConfigurationPlatforms) = postSolution
		{55164C9B-EA19-4EFB-9623-AF0BF4E1A66C}.Debug|Any CPU.ActiveCfg = Debug|Any CPU
		{55164C9B-EA19-4EFB-9623-AF0BF4E1A66C}.Debug|Any CPU.Build.0 = Debug|Any CPU
		{55164C9B-EA19-4EFB-9623-AF0BF4E1A66C}.Release|Any CPU.ActiveCfg = Release|Any CPU
		{55164C9B-EA19-4EFB-9623-AF0BF4E1A66C}.Release|Any CPU.Build.0 = Release|Any CPU
		{70D67AD5-8790-4E17-85E8-7C0F757D8B95}.Debug|Any CPU.ActiveCfg = Debug|Any CPU
		{70D67AD5-8790-4E17-85E8-7C0F757D8B95}.Debug|Any CPU.Build.0 = Debug|Any CPU
		{70D67AD5-8790-4E17-85E8-7C0F757D8B95}.Release|Any CPU.ActiveCfg = Release|Any CPU
		{70D67AD5-8790-4E17-85E8-7C0F757D8B95}.Release|Any CPU.Build.0 = Release|Any CPU
		{2A423332-0A72-4217-B051-15E5B306A73B}.Debug|Any CPU.ActiveCfg = Debug|Any CPU
		{2A423332-0A72-4217-B051-15E5B306A73B}.Debug|Any CPU.Build.0 = Debug|Any CPU
		{2A423332-0A72-4217-B051-15E5B306A73B}.Release|Any CPU.ActiveCfg = Release|Any CPU
		{2A423332-0A72-4217-B051-15E5B306A73B}.Release|Any CPU.Build.0 = Release|Any CPU
		{BA294901-F266-41F6-855A-D1F1A90D2BA1}.Debug|Any CPU.ActiveCfg = Debug|Any CPU
		{BA294901-F266-41F6-855A-D1F1A90D2BA1}.Debug|Any CPU.Build.0 = Debug|Any CPU
		{BA294901-F266-41F6-855A-D1F1A90D2BA1}.Release|Any CPU.ActiveCfg = Release|Any CPU
		{BA294901-F266-41F6-855A-D1F1A90D2BA1}.Release|Any CPU.Build.0 = Release|Any CPU
		{8FB16650-4492-4974-8514-6DE6AED8B517}.Debug|Any CPU.ActiveCfg = Debug|Any CPU
		{8FB16650-4492-4974-8514-6DE6AED8B517}.Debug|Any CPU.Build.0 = Debug|Any CPU
		{8FB16650-4492-4974-8514-6DE6AED8B517}.Release|Any CPU.ActiveCfg = Release|Any CPU
		{8FB16650-4492-4974-8514-6DE6AED8B517}.Release|Any CPU.Build.0 = Release|Any CPU
	EndGlobalSection
	GlobalSection(SolutionProperties) = preSolution
		HideSolutionNode = FALSE
	EndGlobalSection
	GlobalSection(ExtensibilityGlobals) = postSolution
		SolutionGuid = {6BFD6603-C34E-417F-BBC0-2DF91016B8DC}
	EndGlobalSection
EndGlobal
